
Microsoft Visual Studio Solution File, Format Version 12.00
# Visual Studio Version 17
VisualStudioVersion = 17.8.34408.163
MinimumVisualStudioVersion = 10.0.40219.1
Project("{FAE04EC0-301F-11D3-BF4B-00C04F79EFBC}") = "Prova_H1", "Prova_H1\Prova_H1.csproj", "{27651A7B-749B-4A1D-A7C2-2E4AD7C15099}"
EndProject
Global
	GlobalSection(SolutionConfigurationPlatforms) = preSolution
		Debug|Any CPU = Debug|Any CPU
		Release|Any CPU = Release|Any CPU
	EndGlobalSection
	GlobalSection(ProjectConfigurationPlatforms) = postSolution
		{27651A7B-749B-4A1D-A7C2-2E4AD7C15099}.Debug|Any CPU.ActiveCfg = Debug|Any CPU
		{27651A7B-749B-4A1D-A7C2-2E4AD7C15099}.Debug|Any CPU.Build.0 = Debug|Any CPU
		{27651A7B-749B-4A1D-A7C2-2E4AD7C15099}.Release|Any CPU.ActiveCfg = Release|Any CPU
		{27651A7B-749B-4A1D-A7C2-2E4AD7C15099}.Release|Any CPU.Build.0 = Release|Any CPU
	EndGlobalSection
	GlobalSection(SolutionProperties) = preSolution
		HideSolutionNode = FALSE
	EndGlobalSection
	GlobalSection(ExtensibilityGlobals) = postSolution
		SolutionGuid = {E96AB83C-CFF4-4EC3-BAAB-990886BAB4C0}
	EndGlobalSection
EndGlobal
